
Microsoft Visual Studio Solution File, Format Version 12.00
# Visual Studio 15
VisualStudioVersion = 15.0.27703.2000
MinimumVisualStudioVersion = 10.0.40219.1
Project("{FAE04EC0-301F-11D3-BF4B-00C04F79EFBC}") = "BallisticReports", "BallisticReports\BallisticReports.csproj", "{D445A96E-34B8-40CD-AEF2-0F62AFE5497C}"
EndProject
Global
	GlobalSection(SolutionConfigurationPlatforms) = preSolution
		Debug|Any CPU = Debug|Any CPU
		Release|Any CPU = Release|Any CPU
	EndGlobalSection
	GlobalSection(ProjectConfigurationPlatforms) = postSolution
		{D445A96E-34B8-40CD-AEF2-0F62AFE5497C}.Debug|Any CPU.ActiveCfg = Debug|Any CPU
		{D445A96E-34B8-40CD-AEF2-0F62AFE5497C}.Debug|Any CPU.Build.0 = Debug|Any CPU
		{D445A96E-34B8-40CD-AEF2-0F62AFE5497C}.Release|Any CPU.ActiveCfg = Release|Any CPU
		{D445A96E-34B8-40CD-AEF2-0F62AFE5497C}.Release|Any CPU.Build.0 = Release|Any CPU
	EndGlobalSection
	GlobalSection(SolutionProperties) = preSolution
		HideSolutionNode = FALSE
	EndGlobalSection
	GlobalSection(ExtensibilityGlobals) = postSolution
		SolutionGuid = {FDB6D956-AA4F-41F2-8E6A-22E625B5819A}
	EndGlobalSection
EndGlobal
